<Solution>
  <Folder Name="/src/">
    <Project Path="src/Salon.Api/Salon.Api.csproj" />
    <Project Path="src/Salon.Domen/Salon.Domen.csproj" />
    <Project Path="src/Salon.Infrastruktura/Salon.Infrastruktura.csproj" />
    <Project Path="src/Salon.Radnik/Salon.Radnik.csproj" />
    <Project Path="src/Zajednicko.Poruke/Zajednicko.Poruke.csproj" />
  </Folder>
</Solution>
